
Microsoft Visual Studio Solution File, Format Version 12.00
# Visual Studio Version 17
VisualStudioVersion = 17.3.32901.215
MinimumVisualStudioVersion = 10.0.40219.1
Project("{9A19103F-16F7-4668-BE54-9A1E7A4F7556}") = "Wibblr.Grufs.Tests", "Wibblr.Grufs.Tests\Wibblr.Grufs.Tests.csproj", "{91A49E11-0409-4C49-9C21-66DEE0DDC117}"
EndProject
Project("{9A19103F-16F7-4668-BE54-9A1E7A4F7556}") = "Wibblr.Grufs.Encryption", "Wibblr.Grufs.Encryption\Wibblr.Grufs.Encryption.csproj", "{1149A617-6CDE-446E-888E-3C1C57B09969}"
EndProject
Project("{2150E333-8FDC-42A3-9474-1A3956D46DE8}") = "Solution Items", "Solution Items", "{35AC7E56-7072-4034-9D19-DF563F4294F6}"
	ProjectSection(SolutionItems) = preProject
		Architecture.txt = Architecture.txt
		DirectoriesAndFiles.txt = DirectoriesAndFiles.txt
		enable-long-paths.ps1 = enable-long-paths.ps1
		README.md = README.md
	EndProjectSection
EndProject
Project("{9A19103F-16F7-4668-BE54-9A1E7A4F7556}") = "Wibblr.Grufs.Cli", "Wibblr.Grufs.Cli\Wibblr.Grufs.Cli.csproj", "{22BF7245-1D6A-4B17-9571-8BB5FFC1B8B9}"
EndProject
Project("{9A19103F-16F7-4668-BE54-9A1E7A4F7556}") = "Wibblr.Grufs.Storage", "Wibblr.Grufs.Storage\Wibblr.Grufs.Storage.csproj", "{0D569FBC-4672-4EA0-A035-9AD003EF37B1}"
EndProject
Project("{9A19103F-16F7-4668-BE54-9A1E7A4F7556}") = "Wibblr.Grufs.Filesystem", "Wibblr.Grufs.Filesystem\Wibblr.Grufs.Filesystem.csproj", "{C0FF3396-F81C-4931-A09E-CCF8AA9B346E}"
EndProject
Project("{9A19103F-16F7-4668-BE54-9A1E7A4F7556}") = "Wibblr.Grufs.Core", "Wibblr.Grufs.Core\Wibblr.Grufs.Core.csproj", "{D6DD52BF-C001-4406-817E-03DAB47215E0}"
EndProject
Project("{9A19103F-16F7-4668-BE54-9A1E7A4F7556}") = "Wibblr.Grufs.Storage.Sqlite", "Wibblr.Grufs.Storage.Sqlite\Wibblr.Grufs.Storage.Sqlite.csproj", "{6F4625DD-2510-4EE1-891F-C0AE7665C33B}"
EndProject
Project("{9A19103F-16F7-4668-BE54-9A1E7A4F7556}") = "Wibblr.Grufs.Logging", "Wibblr.Grufs.Logging\Wibblr.Grufs.Logging.csproj", "{9BBF396C-7D42-4913-8CD1-B73CFC663549}"
EndProject
Project("{9A19103F-16F7-4668-BE54-9A1E7A4F7556}") = "Wibblr.Grufs.Benchmarks", "Wibblr.Grufs.Benchmarks\Wibblr.Grufs.Benchmarks.csproj", "{4ACC62B9-12E7-4A4D-A278-A292E925E93C}"
EndProject
Project("{9A19103F-16F7-4668-BE54-9A1E7A4F7556}") = "Wibblr.Grufs.Storage.Sftp", "Wibblr.Grufs.Storage.Sftp\Wibblr.Grufs.Storage.Sftp.csproj", "{2533D9CD-5F81-417E-A163-C459A65C25F3}"
EndProject
Project("{9A19103F-16F7-4668-BE54-9A1E7A4F7556}") = "Wibblr.Grufs.Server", "Wibblr.Grufs.Server\Wibblr.Grufs.Server.csproj", "{52D102FA-A3C8-40D4-ADB0-C9204107B0E9}"
EndProject
Project("{9A19103F-16F7-4668-BE54-9A1E7A4F7556}") = "Wibblr.Grufs.Storage.Http", "Wibblr.Grufs.Storage.Http\Wibblr.Grufs.Storage.Http.csproj", "{0C642DC4-8B2F-4EC7-A03B-BB898A245887}"
EndProject
Global
	GlobalSection(SolutionConfigurationPlatforms) = preSolution
		Debug|Any CPU = Debug|Any CPU
		Release|Any CPU = Release|Any CPU
	EndGlobalSection
	GlobalSection(ProjectConfigurationPlatforms) = postSolution
		{91A49E11-0409-4C49-9C21-66DEE0DDC117}.Debug|Any CPU.ActiveCfg = Debug|Any CPU
		{91A49E11-0409-4C49-9C21-66DEE0DDC117}.Debug|Any CPU.Build.0 = Debug|Any CPU
		{91A49E11-0409-4C49-9C21-66DEE0DDC117}.Release|Any CPU.ActiveCfg = Release|Any CPU
		{91A49E11-0409-4C49-9C21-66DEE0DDC117}.Release|Any CPU.Build.0 = Release|Any CPU
		{1149A617-6CDE-446E-888E-3C1C57B09969}.Debug|Any CPU.ActiveCfg = Debug|Any CPU
		{1149A617-6CDE-446E-888E-3C1C57B09969}.Debug|Any CPU.Build.0 = Debug|Any CPU
		{1149A617-6CDE-446E-888E-3C1C57B09969}.Release|Any CPU.ActiveCfg = Release|Any CPU
		{1149A617-6CDE-446E-888E-3C1C57B09969}.Release|Any CPU.Build.0 = Release|Any CPU
		{22BF7245-1D6A-4B17-9571-8BB5FFC1B8B9}.Debug|Any CPU.ActiveCfg = Debug|Any CPU
		{22BF7245-1D6A-4B17-9571-8BB5FFC1B8B9}.Debug|Any CPU.Build.0 = Debug|Any CPU
		{22BF7245-1D6A-4B17-9571-8BB5FFC1B8B9}.Release|Any CPU.ActiveCfg = Release|Any CPU
		{22BF7245-1D6A-4B17-9571-8BB5FFC1B8B9}.Release|Any CPU.Build.0 = Release|Any CPU
		{0D569FBC-4672-4EA0-A035-9AD003EF37B1}.Debug|Any CPU.ActiveCfg = Debug|Any CPU
		{0D569FBC-4672-4EA0-A035-9AD003EF37B1}.Debug|Any CPU.Build.0 = Debug|Any CPU
		{0D569FBC-4672-4EA0-A035-9AD003EF37B1}.Release|Any CPU.ActiveCfg = Release|Any CPU
		{0D569FBC-4672-4EA0-A035-9AD003EF37B1}.Release|Any CPU.Build.0 = Release|Any CPU
		{C0FF3396-F81C-4931-A09E-CCF8AA9B346E}.Debug|Any CPU.ActiveCfg = Debug|Any CPU
		{C0FF3396-F81C-4931-A09E-CCF8AA9B346E}.Debug|Any CPU.Build.0 = Debug|Any CPU
		{C0FF3396-F81C-4931-A09E-CCF8AA9B346E}.Release|Any CPU.ActiveCfg = Release|Any CPU
		{C0FF3396-F81C-4931-A09E-CCF8AA9B346E}.Release|Any CPU.Build.0 = Release|Any CPU
		{D6DD52BF-C001-4406-817E-03DAB47215E0}.Debug|Any CPU.ActiveCfg = Debug|Any CPU
		{D6DD52BF-C001-4406-817E-03DAB47215E0}.Debug|Any CPU.Build.0 = Debug|Any CPU
		{D6DD52BF-C001-4406-817E-03DAB47215E0}.Release|Any CPU.ActiveCfg = Release|Any CPU
		{D6DD52BF-C001-4406-817E-03DAB47215E0}.Release|Any CPU.Build.0 = Release|Any CPU
		{6F4625DD-2510-4EE1-891F-C0AE7665C33B}.Debug|Any CPU.ActiveCfg = Debug|Any CPU
		{6F4625DD-2510-4EE1-891F-C0AE7665C33B}.Debug|Any CPU.Build.0 = Debug|Any CPU
		{6F4625DD-2510-4EE1-891F-C0AE7665C33B}.Release|Any CPU.ActiveCfg = Release|Any CPU
		{6F4625DD-2510-4EE1-891F-C0AE7665C33B}.Release|Any CPU.Build.0 = Release|Any CPU
		{9BBF396C-7D42-4913-8CD1-B73CFC663549}.Debug|Any CPU.ActiveCfg = Debug|Any CPU
		{9BBF396C-7D42-4913-8CD1-B73CFC663549}.Debug|Any CPU.Build.0 = Debug|Any CPU
		{9BBF396C-7D42-4913-8CD1-B73CFC663549}.Release|Any CPU.ActiveCfg = Release|Any CPU
		{9BBF396C-7D42-4913-8CD1-B73CFC663549}.Release|Any CPU.Build.0 = Release|Any CPU
		{4ACC62B9-12E7-4A4D-A278-A292E925E93C}.Debug|Any CPU.ActiveCfg = Debug|Any CPU
		{4ACC62B9-12E7-4A4D-A278-A292E925E93C}.Debug|Any CPU.Build.0 = Debug|Any CPU
		{4ACC62B9-12E7-4A4D-A278-A292E925E93C}.Release|Any CPU.ActiveCfg = Release|Any CPU
		{4ACC62B9-12E7-4A4D-A278-A292E925E93C}.Release|Any CPU.Build.0 = Release|Any CPU
		{2533D9CD-5F81-417E-A163-C459A65C25F3}.Debug|Any CPU.ActiveCfg = Debug|Any CPU
		{2533D9CD-5F81-417E-A163-C459A65C25F3}.Debug|Any CPU.Build.0 = Debug|Any CPU
		{2533D9CD-5F81-417E-A163-C459A65C25F3}.Release|Any CPU.ActiveCfg = Release|Any CPU
		{2533D9CD-5F81-417E-A163-C459A65C25F3}.Release|Any CPU.Build.0 = Release|Any CPU
		{52D102FA-A3C8-40D4-ADB0-C9204107B0E9}.Debug|Any CPU.ActiveCfg = Debug|Any CPU
		{52D102FA-A3C8-40D4-ADB0-C9204107B0E9}.Debug|Any CPU.Build.0 = Debug|Any CPU
		{52D102FA-A3C8-40D4-ADB0-C9204107B0E9}.Release|Any CPU.ActiveCfg = Release|Any CPU
		{52D102FA-A3C8-40D4-ADB0-C9204107B0E9}.Release|Any CPU.Build.0 = Release|Any CPU
		{0C642DC4-8B2F-4EC7-A03B-BB898A245887}.Debug|Any CPU.ActiveCfg = Debug|Any CPU
		{0C642DC4-8B2F-4EC7-A03B-BB898A245887}.Debug|Any CPU.Build.0 = Debug|Any CPU
		{0C642DC4-8B2F-4EC7-A03B-BB898A245887}.Release|Any CPU.ActiveCfg = Release|Any CPU
		{0C642DC4-8B2F-4EC7-A03B-BB898A245887}.Release|Any CPU.Build.0 = Release|Any CPU
	EndGlobalSection
	GlobalSection(SolutionProperties) = preSolution
		HideSolutionNode = FALSE
	EndGlobalSection
	GlobalSection(ExtensibilityGlobals) = postSolution
		SolutionGuid = {98DAE1BA-471B-4E52-A98E-DD48A1D8AA14}
	EndGlobalSection
EndGlobal
